
Microsoft Visual Studio Solution File, Format Version 12.00
# Visual Studio Version 17
VisualStudioVersion = 17.11.35327.3
MinimumVisualStudioVersion = 10.0.40219.1
Project("{8BC9CEB8-8B4A-11D0-8D11-00A0C91BC942}") = "Project2", "Project2\Project2.vcxproj", "{BCFFED68-4C81-4AEC-9830-AD20781E4032}"
EndProject
Global
	GlobalSection(SolutionConfigurationPlatforms) = preSolution
		Debug|x64 = Debug|x64
		Debug|x86 = Debug|x86
		Release|x64 = Release|x64
		Release|x86 = Release|x86
	EndGlobalSection
	GlobalSection(ProjectConfigurationPlatforms) = postSolution
		{BCFFED68-4C81-4AEC-9830-AD20781E4032}.Debug|x64.ActiveCfg = Debug|x64
		{BCFFED68-4C81-4AEC-9830-AD20781E4032}.Debug|x64.Build.0 = Debug|x64
		{BCFFED68-4C81-4AEC-9830-AD20781E4032}.Debug|x86.ActiveCfg = Debug|Win32
		{BCFFED68-4C81-4AEC-9830-AD20781E4032}.Debug|x86.Build.0 = Debug|Win32
		{BCFFED68-4C81-4AEC-9830-AD20781E4032}.Release|x64.ActiveCfg = Release|x64
		{BCFFED68-4C81-4AEC-9830-AD20781E4032}.Release|x64.Build.0 = Release|x64
		{BCFFED68-4C81-4AEC-9830-AD20781E4032}.Release|x86.ActiveCfg = Release|Win32
		{BCFFED68-4C81-4AEC-9830-AD20781E4032}.Release|x86.Build.0 = Release|Win32
	EndGlobalSection
	GlobalSection(SolutionProperties) = preSolution
		HideSolutionNode = FALSE
	EndGlobalSection
	GlobalSection(ExtensibilityGlobals) = postSolution
		SolutionGuid = {01B4D9AA-451A-4C3C-831F-0AA39C97240E}
	EndGlobalSection
EndGlobal
